# This file is automatically @generated by Cargo.
# It is not intended for manual editing.
version = 4

[[package]]
name = "bitflags"
version = "2.8.0"
source = "registry+https://github.com/rust-lang/crates.io-index"
checksum = "8f68f53c83ab957f72c32642f3868eec03eb974d1fb82e453128456482613d36"

[[package]]
name = "bytemuck"
version = "1.21.0"
source = "registry+https://github.com/rust-lang/crates.io-index"
checksum = "ef657dfab802224e671f5818e9a4935f9b1957ed18e58292690cc39e7a4092a3"
dependencies = [
 "bytemuck_derive",
]

[[package]]
name = "bytemuck_derive"
version = "1.8.1"
source = "registry+https://github.com/rust-lang/crates.io-index"
checksum = "3fa76293b4f7bb636ab88fd78228235b5248b4d05cc589aed610f954af5d7c7a"
dependencies = [
 "proc-macro2",
 "quote",
 "syn",
]

[[package]]
name = "device-tree"
version = "0.1.0"
dependencies = [
 "bytemuck",
 "endian",
]

[[package]]
name = "elf"
version = "0.2.0"
dependencies = [
 "bytemuck",
]

[[package]]
name = "endian"
version = "0.1.0"
dependencies = [
 "bytemuck",
]

[[package]]
name = "filesystem"
version = "0.1.0"
dependencies = [
 "bytemuck",
]

[[package]]
name = "init"
version = "0.1.0"
dependencies = [
 "elf",
 "initfs",
 "ulib",
]

[[package]]
name = "initfs"
version = "0.1.0"
dependencies = [
 "lz4",
]

[[package]]
name = "kernel"
version = "0.1.0"
dependencies = [
 "bitflags",
 "bytemuck",
 "device-tree",
 "elf",
 "endian",
 "initfs",
 "smallbox",
]

[[package]]
name = "lz4"
version = "0.1.0"

[[package]]
name = "proc-macro2"
version = "1.0.93"
source = "registry+https://github.com/rust-lang/crates.io-index"
checksum = "60946a68e5f9d28b0dc1c21bb8a97ee7d018a8b322fa57838ba31cc878e22d99"
dependencies = [
 "unicode-ident",
]

[[package]]
name = "quote"
version = "1.0.38"
source = "registry+https://github.com/rust-lang/crates.io-index"
checksum = "0e4dccaaaf89514f546c693ddc140f729f958c247918a13380cccc6078391acc"
dependencies = [
 "proc-macro2",
]

[[package]]
name = "smallbox"
version = "0.8.6"
source = "registry+https://github.com/rust-lang/crates.io-index"
checksum = "43d92e0947c1c04c508c9fd39608a1557226141410fd33b5b314d73fa76508d3"

[[package]]
name = "syn"
version = "2.0.96"
source = "registry+https://github.com/rust-lang/crates.io-index"
checksum = "d5d0adab1ae378d7f53bdebc67a39f1f151407ef230f0ce2883572f5d8985c80"
dependencies = [
 "proc-macro2",
 "quote",
 "unicode-ident",
]

[[package]]
name = "ulib"
version = "0.1.0"

[[package]]
name = "unicode-ident"
version = "1.0.15"
source = "registry+https://github.com/rust-lang/crates.io-index"
checksum = "11cd88e12b17c6494200a9c1b683a04fcac9573ed74cd1b62aeb2727c5592243"
